
Microsoft Visual Studio Solution File, Format Version 12.00
# Visual Studio Version 17
VisualStudioVersion = 17.4.33213.308
MinimumVisualStudioVersion = 10.0.40219.1
Project("{FAE04EC0-301F-11D3-BF4B-00C04F79EFBC}") = "GRBTR_PZ1", "GRBTR_PZ1\GRBTR_PZ1.csproj", "{9567DEA8-CB9A-4481-BE5A-8C35D9239A9A}"
EndProject
Global
	GlobalSection(SolutionConfigurationPlatforms) = preSolution
		Debug|Any CPU = Debug|Any CPU
		Release|Any CPU = Release|Any CPU
	EndGlobalSection
	GlobalSection(ProjectConfigurationPlatforms) = postSolution
		{9567DEA8-CB9A-4481-BE5A-8C35D9239A9A}.Debug|Any CPU.ActiveCfg = Debug|Any CPU
		{9567DEA8-CB9A-4481-BE5A-8C35D9239A9A}.Debug|Any CPU.Build.0 = Debug|Any CPU
		{9567DEA8-CB9A-4481-BE5A-8C35D9239A9A}.Release|Any CPU.ActiveCfg = Release|Any CPU
		{9567DEA8-CB9A-4481-BE5A-8C35D9239A9A}.Release|Any CPU.Build.0 = Release|Any CPU
	EndGlobalSection
	GlobalSection(SolutionProperties) = preSolution
		HideSolutionNode = FALSE
	EndGlobalSection
	GlobalSection(ExtensibilityGlobals) = postSolution
		SolutionGuid = {1C4F368C-6B17-470C-A882-9A2FC74979AB}
	EndGlobalSection
EndGlobal
